
Microsoft Visual Studio Solution File, Format Version 12.00
# Visual Studio Version 17
VisualStudioVersion = 17.1.32421.90
MinimumVisualStudioVersion = 10.0.40219.1
Project("{FAE04EC0-301F-11D3-BF4B-00C04F79EFBC}") = "LineComparisionComputation", "LineComparisionComputation\LineComparisionComputation.csproj", "{91C64C1F-60DC-487D-9344-D8A4CF950191}"
EndProject
Global
	GlobalSection(SolutionConfigurationPlatforms) = preSolution
		Debug|Any CPU = Debug|Any CPU
		Release|Any CPU = Release|Any CPU
	EndGlobalSection
	GlobalSection(ProjectConfigurationPlatforms) = postSolution
		{91C64C1F-60DC-487D-9344-D8A4CF950191}.Debug|Any CPU.ActiveCfg = Debug|Any CPU
		{91C64C1F-60DC-487D-9344-D8A4CF950191}.Debug|Any CPU.Build.0 = Debug|Any CPU
		{91C64C1F-60DC-487D-9344-D8A4CF950191}.Release|Any CPU.ActiveCfg = Release|Any CPU
		{91C64C1F-60DC-487D-9344-D8A4CF950191}.Release|Any CPU.Build.0 = Release|Any CPU
	EndGlobalSection
	GlobalSection(SolutionProperties) = preSolution
		HideSolutionNode = FALSE
	EndGlobalSection
	GlobalSection(ExtensibilityGlobals) = postSolution
		SolutionGuid = {8DE66729-F4A9-4118-BC4E-11FFA4F1880C}
	EndGlobalSection
EndGlobal
